
Microsoft Visual Studio Solution File, Format Version 12.00
# Visual Studio Version 16
VisualStudioVersion = 16.0.31911.196
MinimumVisualStudioVersion = 10.0.40219.1
Project("{9A19103F-16F7-4668-BE54-9A1E7A4F7556}") = "MysqlBlobExample", "MysqlBlobExample.csproj", "{AA43CC60-4679-4786-94F2-0C986C931519}"
EndProject
Global
	GlobalSection(SolutionConfigurationPlatforms) = preSolution
		Debug|Any CPU = Debug|Any CPU
		Release|Any CPU = Release|Any CPU
	EndGlobalSection
	GlobalSection(ProjectConfigurationPlatforms) = postSolution
		{AA43CC60-4679-4786-94F2-0C986C931519}.Debug|Any CPU.ActiveCfg = Debug|Any CPU
		{AA43CC60-4679-4786-94F2-0C986C931519}.Debug|Any CPU.Build.0 = Debug|Any CPU
		{AA43CC60-4679-4786-94F2-0C986C931519}.Release|Any CPU.ActiveCfg = Release|Any CPU
		{AA43CC60-4679-4786-94F2-0C986C931519}.Release|Any CPU.Build.0 = Release|Any CPU
	EndGlobalSection
	GlobalSection(SolutionProperties) = preSolution
		HideSolutionNode = FALSE
	EndGlobalSection
	GlobalSection(ExtensibilityGlobals) = postSolution
		SolutionGuid = {A1B7319F-E7CE-4B9D-9191-69F829A1800A}
	EndGlobalSection
EndGlobal
